{
  "name": "back-to-earth",
  "version": "1.0.0",
  "lockfileVersion": 1,
  "requires": true,
  "dependencies": {
    "game-inputs": {
      "version": "0.3.1",
      "resolved": "https://registry.npmjs.org/game-inputs/-/game-inputs-0.3.1.tgz",
      "integrity": "sha512-6ZpCEzRgjMvBj2M66zgqriSFGqycvLyDRkajCHwfuv8souAAQwbwrNfzrZqSAH8VrTBKhYU9f2KkvuTEqm3+lA==",
      "requires": {
        "vkey": "^1.0.0"
      }
    },
    "vkey": {
      "version": "1.0.1",
      "resolved": "https://registry.npmjs.org/vkey/-/vkey-1.0.1.tgz",
      "integrity": "sha1-ccVqy3WegDIcldYWwrf8VQWRgcA="
    }
  }
}
